
Microsoft Visual Studio Solution File, Format Version 12.00
# Visual Studio Version 16
VisualStudioVersion = 16.0.30717.126
MinimumVisualStudioVersion = 10.0.40219.1
Project("{FAE04EC0-301F-11D3-BF4B-00C04F79EFBC}") = "WindowsWebView2", "WindowsWebView2.csproj", "{8BF46DC2-86DF-4795-B86E-B7A0B9A7F049}"
EndProject
Global
	GlobalSection(SolutionConfigurationPlatforms) = preSolution
		Debug|Any CPU = Debug|Any CPU
		Release|Any CPU = Release|Any CPU
	EndGlobalSection
	GlobalSection(ProjectConfigurationPlatforms) = postSolution
		{8BF46DC2-86DF-4795-B86E-B7A0B9A7F049}.Debug|Any CPU.ActiveCfg = Debug|Any CPU
		{8BF46DC2-86DF-4795-B86E-B7A0B9A7F049}.Debug|Any CPU.Build.0 = Debug|Any CPU
		{8BF46DC2-86DF-4795-B86E-B7A0B9A7F049}.Release|Any CPU.ActiveCfg = Release|Any CPU
		{8BF46DC2-86DF-4795-B86E-B7A0B9A7F049}.Release|Any CPU.Build.0 = Release|Any CPU
	EndGlobalSection
	GlobalSection(SolutionProperties) = preSolution
		HideSolutionNode = FALSE
	EndGlobalSection
	GlobalSection(ExtensibilityGlobals) = postSolution
		SolutionGuid = {4E81F552-2B84-4411-AC53-E0E808232894}
	EndGlobalSection
EndGlobal
